
Microsoft Visual Studio Solution File, Format Version 11.00
# Visual Studio 2010
# SharpDevelop 4.4
Project("{FAE04EC0-301F-11D3-BF4B-00C04F79EFBC}") = "TP6", "TP6\TP6.csproj", "{215EFD7B-8888-4133-957D-39F6C76EF637}"
EndProject
Global
	GlobalSection(SolutionConfigurationPlatforms) = preSolution
		Debug|Any CPU = Debug|Any CPU
		Release|Any CPU = Release|Any CPU
	EndGlobalSection
	GlobalSection(ProjectConfigurationPlatforms) = postSolution
		{215EFD7B-8888-4133-957D-39F6C76EF637}.Debug|Any CPU.Build.0 = Debug|Any CPU
		{215EFD7B-8888-4133-957D-39F6C76EF637}.Debug|Any CPU.ActiveCfg = Debug|Any CPU
		{215EFD7B-8888-4133-957D-39F6C76EF637}.Release|Any CPU.Build.0 = Release|Any CPU
		{215EFD7B-8888-4133-957D-39F6C76EF637}.Release|Any CPU.ActiveCfg = Release|Any CPU
	EndGlobalSection
EndGlobal
